
Microsoft Visual Studio Solution File, Format Version 12.00
# Visual Studio Version 17
VisualStudioVersion = 17.5.33502.453
MinimumVisualStudioVersion = 10.0.40219.1
Project("{8BC9CEB8-8B4A-11D0-8D11-00A0C91BC942}") = "PARADIGMAOOPII_143", "PARADIGMAOOPII_143\PARADIGMAOOPII_143.vcxproj", "{5107BCB9-0C54-4F71-81B2-1ACD4AA55BEF}"
EndProject
Global
	GlobalSection(SolutionConfigurationPlatforms) = preSolution
		Debug|x64 = Debug|x64
		Debug|x86 = Debug|x86
		Release|x64 = Release|x64
		Release|x86 = Release|x86
	EndGlobalSection
	GlobalSection(ProjectConfigurationPlatforms) = postSolution
		{5107BCB9-0C54-4F71-81B2-1ACD4AA55BEF}.Debug|x64.ActiveCfg = Debug|x64
		{5107BCB9-0C54-4F71-81B2-1ACD4AA55BEF}.Debug|x64.Build.0 = Debug|x64
		{5107BCB9-0C54-4F71-81B2-1ACD4AA55BEF}.Debug|x86.ActiveCfg = Debug|Win32
		{5107BCB9-0C54-4F71-81B2-1ACD4AA55BEF}.Debug|x86.Build.0 = Debug|Win32
		{5107BCB9-0C54-4F71-81B2-1ACD4AA55BEF}.Release|x64.ActiveCfg = Release|x64
		{5107BCB9-0C54-4F71-81B2-1ACD4AA55BEF}.Release|x64.Build.0 = Release|x64
		{5107BCB9-0C54-4F71-81B2-1ACD4AA55BEF}.Release|x86.ActiveCfg = Release|Win32
		{5107BCB9-0C54-4F71-81B2-1ACD4AA55BEF}.Release|x86.Build.0 = Release|Win32
	EndGlobalSection
	GlobalSection(SolutionProperties) = preSolution
		HideSolutionNode = FALSE
	EndGlobalSection
	GlobalSection(ExtensibilityGlobals) = postSolution
		SolutionGuid = {7DE0DDC6-72A5-4BF9-B470-DB8EE009AEDE}
	EndGlobalSection
EndGlobal
